Microsoft Visual Studio Solution File, Format Version 11.00
# Visual Studio 2010
Project("{8BC9CEB8-8B4A-11D0-8D11-00A0C91BC942}") = "Subway_main", "Subway_main.vcxproj", "{28506BAF-5152-4C24-B598-75B7FE86F5F4}"
EndProject
Global
	GlobalSection(SolutionConfigurationPlatforms) = preSolution
		Debug|Win32 = Debug|Win32
		Release|Win32 = Release|Win32
	EndGlobalSection
	GlobalSection(ProjectConfigurationPlatforms) = postSolution
		{28506BAF-5152-4C24-B598-75B7FE86F5F4}.Debug|Win32.ActiveCfg = Debug|Win32
		{28506BAF-5152-4C24-B598-75B7FE86F5F4}.Debug|Win32.Build.0 = Debug|Win32
		{28506BAF-5152-4C24-B598-75B7FE86F5F4}.Release|Win32.ActiveCfg = Release|Win32
		{28506BAF-5152-4C24-B598-75B7FE86F5F4}.Release|Win32.Build.0 = Release|Win32
	EndGlobalSection
	GlobalSection(SolutionProperties) = preSolution
		HideSolutionNode = FALSE
	EndGlobalSection
EndGlobal
