<?xml version="1.0" encoding="utf-8"?>
<Project ToolsVersion="4.0" xmlns="http://schemas.microsoft.com/developer/msbuild/2003">
  <ItemGroup>
    <Filter Include="Source Files">
      <UniqueIdentifier>{2d3c8010-b4f1-4476-b5cd-705206fdfe67}</UniqueIdentifier>
      <Extensions>cpp;c;cxx;rc;def;r;odl;idl;hpj;bat</Extensions>
    </Filter>
    <Filter Include="Header Files">
      <UniqueIdentifier>{90deaeab-e567-475a-9354-4dacb0bb999f}</UniqueIdentifier>
      <Extensions>h;hpp;hxx;hm;inl</Extensions>
    </Filter>
    <Filter Include="Resource Files">
      <UniqueIdentifier>{74e39380-94f0-4d8c-b664-f579cbf83cdb}</UniqueIdentifier>
      <Extensions>ico;cur;bmp;dlg;rc2;rct;bin;rgs;gif;jpg;jpeg;jpe</Extensions>
    </Filter>
    <Filter Include="Document Files">
      <UniqueIdentifier>{bdda1070-f769-478a-a6e6-830ed5f0c8fc}</UniqueIdentifier>
    </Filter>
  </ItemGroup>
  <ItemGroup>
    <ClCompile Include="DiscSet.cpp">
      <Filter>Source Files</Filter>
    </ClCompile>
    <ClCompile Include="JoinDlg.cpp">
      <Filter>Source Files</Filter>
    </ClCompile>
    <ClCompile Include="JoinSet.cpp">
      <Filter>Source Files</Filter>
    </ClCompile>
    <ClCompile Include="MainFrm.cpp">
      <Filter>Source Files</Filter>
    </ClCompile>
    <ClCompile Include="prodb.cpp">
      <Filter>Source Files</Filter>
    </ClCompile>
    <ClCompile Include="prodbDoc.cpp">
      <Filter>Source Files</Filter>
    </ClCompile>
    <ClCompile Include="prodbSet.cpp">
      <Filter>Source Files</Filter>
    </ClCompile>
    <ClCompile Include="prodbView.cpp">
      <Filter>Source Files</Filter>
    </ClCompile>
    <ClCompile Include="SellSet.cpp">
      <Filter>Source Files</Filter>
    </ClCompile>
    <ClCompile Include="SellView.cpp">
      <Filter>Source Files</Filter>
    </ClCompile>
    <ClCompile Include="StdAfx.cpp">
      <Filter>Source Files</Filter>
    </ClCompile>
    <ClCompile Include="WareHouseDlg.cpp">
      <Filter>Source Files</Filter>
    </ClCompile>
    <ClCompile Include="WareHouseSet.cpp">
      <Filter>Source Files</Filter>
    </ClCompile>
    <ClCompile Include="WhView.cpp">
      <Filter>Source Files</Filter>
    </ClCompile>
  </ItemGroup>
  <ItemGroup>
    <ResourceCompile Include="prodb.rc">
      <Filter>Source Files</Filter>
    </ResourceCompile>
  </ItemGroup>
  <ItemGroup>
    <ClInclude Include="DiscSet.h">
      <Filter>Header Files</Filter>
    </ClInclude>
    <ClInclude Include="JoinDlg.h">
      <Filter>Header Files</Filter>
    </ClInclude>
    <ClInclude Include="JoinSet.h">
      <Filter>Header Files</Filter>
    </ClInclude>
    <ClInclude Include="MainFrm.h">
      <Filter>Header Files</Filter>
    </ClInclude>
    <ClInclude Include="prodb.h">
      <Filter>Header Files</Filter>
    </ClInclude>
    <ClInclude Include="prodbDoc.h">
      <Filter>Header Files</Filter>
    </ClInclude>
    <ClInclude Include="prodbSet.h">
      <Filter>Header Files</Filter>
    </ClInclude>
    <ClInclude Include="prodbView.h">
      <Filter>Header Files</Filter>
    </ClInclude>
    <ClInclude Include="Resource.h">
      <Filter>Header Files</Filter>
    </ClInclude>
    <ClInclude Include="SellSet.h">
      <Filter>Header Files</Filter>
    </ClInclude>
    <ClInclude Include="SellView.h">
      <Filter>Header Files</Filter>
    </ClInclude>
    <ClInclude Include="StdAfx.h">
      <Filter>Header Files</Filter>
    </ClInclude>
    <ClInclude Include="WareHouseDlg.h">
      <Filter>Header Files</Filter>
    </ClInclude>
    <ClInclude Include="WareHouseSet.h">
      <Filter>Header Files</Filter>
    </ClInclude>
    <ClInclude Include="WhView.h">
      <Filter>Header Files</Filter>
    </ClInclude>
  </ItemGroup>
  <ItemGroup>
    <CustomBuild Include="res\prodb.ico">
      <Filter>Resource Files</Filter>
    </CustomBuild>
    <CustomBuild Include="res\prodb.rc2">
      <Filter>Resource Files</Filter>
    </CustomBuild>
    <CustomBuild Include="res\prodbDoc.ico">
      <Filter>Resource Files</Filter>
    </CustomBuild>
    <CustomBuild Include="ReadMe.txt" />
  </ItemGroup>
  <ItemGroup>
    <None Include="document\slq예시.sql">
      <Filter>Document Files</Filter>
    </None>
    <None Include="document\TablespaceCreate.sql">
      <Filter>Document Files</Filter>
    </None>
    <None Include="document\UserCreate.sql">
      <Filter>Document Files</Filter>
    </None>
    <None Include="document\YS.ppt">
      <Filter>Document Files</Filter>
    </None>
    <None Include="document\고객테이블Create.sql">
      <Filter>Document Files</Filter>
    </None>
    <None Include="document\데이터.sql">
      <Filter>Document Files</Filter>
    </None>
    <None Include="document\음반테이블Create.sql">
      <Filter>Document Files</Filter>
    </None>
    <None Include="document\입고음반Create.sql">
      <Filter>Document Files</Filter>
    </None>
    <None Include="document\판매테이블Create.sql">
      <Filter>Document Files</Filter>
    </None>
    <None Include="document\프로그램시작화면.hwp">
      <Filter>Document Files</Filter>
    </None>
  </ItemGroup>
</Project>